# generated by rye
# use `rye lock` or `rye sync` to update this lockfile
#
# last locked with the following flags:
#   pre: false
#   features: []
#   all-features: false
#   with-sources: false
#   generate-hashes: false
#   universal: false

-e file:.
aiofile==3.9.0
    # via my-book-ocr
albucore==0.0.23
    # via albumentations
    # via paddleocr
albumentations==2.0.5
    # via paddleocr
annotated-types==0.7.0
    # via pydantic
argcomplete==3.5.3
    # via commitizen
beautifulsoup4==4.13.3
    # via paddleocr
caio==0.9.21
    # via aiofile
certifi==2025.1.31
    # via requests
charset-normalizer==3.4.1
    # via commitizen
    # via requests
colorama==0.4.6
    # via commitizen
    # via loguru
    # via tqdm
commitizen==4.4.1
cython==3.0.12
    # via paddleocr
decli==0.6.2
    # via commitizen
fire==0.7.0
    # via paddleocr
fonttools==4.57.0
    # via paddleocr
idna==3.10
    # via requests
imageio==2.37.0
    # via scikit-image
jinja2==3.1.6
    # via commitizen
joblib==1.4.2
    # via scikit-learn
lazy-loader==0.4
    # via scikit-image
lmdb==1.6.2
    # via paddleocr
loguru==0.7.3
    # via my-book-ocr
lxml==5.3.1
    # via python-docx
markupsafe==3.0.2
    # via jinja2
networkx==3.4.2
    # via scikit-image
numpy==2.2.4
    # via albucore
    # via albumentations
    # via imageio
    # via opencv-contrib-python
    # via opencv-python
    # via opencv-python-headless
    # via paddleocr
    # via scikit-image
    # via scikit-learn
    # via scipy
    # via shapely
    # via tifffile
opencv-contrib-python==4.11.0.86
    # via paddleocr
opencv-python==4.11.0.86
    # via paddleocr
opencv-python-headless==4.11.0.86
    # via albucore
    # via albumentations
packaging==24.2
    # via commitizen
    # via lazy-loader
    # via scikit-image
paddleocr==2.10.0
    # via my-book-ocr
pillow==11.1.0
    # via imageio
    # via paddleocr
    # via scikit-image
prompt-toolkit==3.0.50
    # via questionary
pyclipper==1.3.0.post6
    # via paddleocr
pydantic==2.11.2
    # via albumentations
    # via my-book-ocr
pydantic-core==2.33.1
    # via pydantic
pymupdf==1.25.5
    # via my-book-ocr
python-docx==1.1.2
    # via paddleocr
pyyaml==6.0.2
    # via albumentations
    # via commitizen
    # via paddleocr
questionary==2.1.0
    # via commitizen
rapidfuzz==3.12.2
    # via paddleocr
requests==2.32.3
    # via paddleocr
scikit-image==0.25.2
    # via paddleocr
scikit-learn==1.6.1
    # via my-book-ocr
scipy==1.15.2
    # via albumentations
    # via scikit-image
    # via scikit-learn
shapely==2.1.0
    # via paddleocr
simsimd==6.2.1
    # via albucore
soupsieve==2.6
    # via beautifulsoup4
stringzilla==3.12.3
    # via albucore
termcolor==2.5.0
    # via commitizen
    # via fire
threadpoolctl==3.6.0
    # via scikit-learn
tifffile==2025.3.30
    # via scikit-image
tomlkit==0.13.2
    # via commitizen
tqdm==4.67.1
    # via paddleocr
typing-extensions==4.13.1
    # via beautifulsoup4
    # via pydantic
    # via pydantic-core
    # via python-docx
    # via typing-inspection
typing-inspection==0.4.0
    # via pydantic
urllib3==2.3.0
    # via requests
wcwidth==0.2.13
    # via prompt-toolkit
win32-setctime==1.2.0
    # via loguru
